
Microsoft Visual Studio Solution File, Format Version 12.00
# Visual Studio 15
VisualStudioVersion = 15.0.27130.2010
MinimumVisualStudioVersion = 10.0.40219.1
Project("{FAE04EC0-301F-11D3-BF4B-00C04F79EFBC}") = "NvTriStripDotNet", "NvTriStripDotNet\NvTriStripDotNet.csproj", "{66B926EE-FF73-42BE-A27E-CBCB333A4C07}"
EndProject
Project("{FAE04EC0-301F-11D3-BF4B-00C04F79EFBC}") = "NvTriStripDotNet.Benchmark", "NvTriStripDotNet.Benchmark\NvTriStripDotNet.Benchmark.csproj", "{E439D605-5DD2-46EF-B3C6-DDB7E1EE9144}"
EndProject
Global
	GlobalSection(SolutionConfigurationPlatforms) = preSolution
		Debug|Any CPU = Debug|Any CPU
		Release|Any CPU = Release|Any CPU
	EndGlobalSection
	GlobalSection(ProjectConfigurationPlatforms) = postSolution
		{66B926EE-FF73-42BE-A27E-CBCB333A4C07}.Debug|Any CPU.ActiveCfg = Debug|Any CPU
		{66B926EE-FF73-42BE-A27E-CBCB333A4C07}.Debug|Any CPU.Build.0 = Debug|Any CPU
		{66B926EE-FF73-42BE-A27E-CBCB333A4C07}.Release|Any CPU.ActiveCfg = Release|Any CPU
		{66B926EE-FF73-42BE-A27E-CBCB333A4C07}.Release|Any CPU.Build.0 = Release|Any CPU
		{E439D605-5DD2-46EF-B3C6-DDB7E1EE9144}.Debug|Any CPU.ActiveCfg = Debug|Any CPU
		{E439D605-5DD2-46EF-B3C6-DDB7E1EE9144}.Debug|Any CPU.Build.0 = Debug|Any CPU
		{E439D605-5DD2-46EF-B3C6-DDB7E1EE9144}.Release|Any CPU.ActiveCfg = Release|Any CPU
		{E439D605-5DD2-46EF-B3C6-DDB7E1EE9144}.Release|Any CPU.Build.0 = Release|Any CPU
	EndGlobalSection
	GlobalSection(SolutionProperties) = preSolution
		HideSolutionNode = FALSE
	EndGlobalSection
	GlobalSection(ExtensibilityGlobals) = postSolution
		SolutionGuid = {F21EA07D-903C-4A73-8124-3122B67F8A8B}
	EndGlobalSection
EndGlobal
